
Microsoft Visual Studio Solution File, Format Version 12.00
# Visual Studio Version 17
VisualStudioVersion = 17.0.31919.166
MinimumVisualStudioVersion = 10.0.40219.1
Project("{9A19103F-16F7-4668-BE54-9A1E7A4F7556}") = "Lessons", "Lessons\Lessons.csproj", "{A0E478E5-3B07-46B2-A531-250D1ECDB40E}"
EndProject
Project("{2150E333-8FDC-42A3-9474-1A3956D46DE8}") = "Lessons", "Lessons", "{E8FC16A3-E70C-436A-844A-D48FE3243B09}"
EndProject
Global
	GlobalSection(SolutionConfigurationPlatforms) = preSolution
		Debug|Any CPU = Debug|Any CPU
		Release|Any CPU = Release|Any CPU
	EndGlobalSection
	GlobalSection(ProjectConfigurationPlatforms) = postSolution
		{A0E478E5-3B07-46B2-A531-250D1ECDB40E}.Debug|Any CPU.ActiveCfg = Debug|Any CPU
		{A0E478E5-3B07-46B2-A531-250D1ECDB40E}.Debug|Any CPU.Build.0 = Debug|Any CPU
		{A0E478E5-3B07-46B2-A531-250D1ECDB40E}.Release|Any CPU.ActiveCfg = Release|Any CPU
		{A0E478E5-3B07-46B2-A531-250D1ECDB40E}.Release|Any CPU.Build.0 = Release|Any CPU
	EndGlobalSection
	GlobalSection(SolutionProperties) = preSolution
		HideSolutionNode = FALSE
	EndGlobalSection
	GlobalSection(NestedProjects) = preSolution
		{A0E478E5-3B07-46B2-A531-250D1ECDB40E} = {E8FC16A3-E70C-436A-844A-D48FE3243B09}
	EndGlobalSection
	GlobalSection(ExtensibilityGlobals) = postSolution
		SolutionGuid = {540CBA86-3D0F-4CE4-881E-3DF6CB35C193}
	EndGlobalSection
EndGlobal
